
Microsoft Visual Studio Solution File, Format Version 12.00
# Visual Studio Version 17
VisualStudioVersion = 17.10.35013.160
MinimumVisualStudioVersion = 10.0.40219.1
Project("{FAE04EC0-301F-11D3-BF4B-00C04F79EFBC}") = "movies_api", "movies_api.csproj", "{580BBE6F-5ED9-4432-AA77-E961EEEAC2D8}"
EndProject
Global
	GlobalSection(SolutionConfigurationPlatforms) = preSolution
		Debug|Any CPU = Debug|Any CPU
		Release|Any CPU = Release|Any CPU
	EndGlobalSection
	GlobalSection(ProjectConfigurationPlatforms) = postSolution
		{580BBE6F-5ED9-4432-AA77-E961EEEAC2D8}.Debug|Any CPU.ActiveCfg = Debug|Any CPU
		{580BBE6F-5ED9-4432-AA77-E961EEEAC2D8}.Debug|Any CPU.Build.0 = Debug|Any CPU
		{580BBE6F-5ED9-4432-AA77-E961EEEAC2D8}.Release|Any CPU.ActiveCfg = Release|Any CPU
		{580BBE6F-5ED9-4432-AA77-E961EEEAC2D8}.Release|Any CPU.Build.0 = Release|Any CPU
	EndGlobalSection
	GlobalSection(SolutionProperties) = preSolution
		HideSolutionNode = FALSE
	EndGlobalSection
	GlobalSection(ExtensibilityGlobals) = postSolution
		SolutionGuid = {FFA44BC2-7423-4037-B86D-7608923D6CA6}
	EndGlobalSection
EndGlobal
